// !$*UTF8*$!
{
	archiveVersion = 1;
	classes = {
	};
	objectVersion = 56;
	objects = {

/* Begin PBXBuildFile section */
		6CC4D9AF2CA2A19000CEAB31 /* AppDelegate.swift in Sources */ = {isa = PBXBuildFile; fileRef = 6CC4D9AE2CA2A19000CEAB31 /* AppDelegate.swift */; };
		6CC4D9B12CA2A19000CEAB31 /* SceneDelegate.swift in Sources */ = {isa = PBXBuildFile; fileRef = 6CC4D9B02CA2A19000CEAB31 /* SceneDelegate.swift */; };
		6CC4D9B32CA2A19000CEAB31 /* ListViewController.swift in Sources */ = {isa = PBXBuildFile; fileRef = 6CC4D9B22CA2A19000CEAB31 /* ListViewController.swift */; };
		6CC4D9B62CA2A19000CEAB31 /* Base in Resources */ = {isa = PBXBuildFile; fileRef = 6CC4D9B52CA2A19000CEAB31 /* Base */; };
		6CC4D9B82CA2A19100CEAB31 /* Assets.xcassets in Resources */ = {isa = PBXBuildFile; fileRef = 6CC4D9B72CA2A19100CEAB31 /* Assets.xcassets */; };
		6CC4D9BB2CA2A19100CEAB31 /* Base in Resources */ = {isa = PBXBuildFile; fileRef = 6CC4D9BA2CA2A19100CEAB31 /* Base */; };
		6CC4D9C52CA2A40400CEAB31 /* MovieApiProvider.swift in Sources */ = {isa = PBXBuildFile; fileRef = 6CC4D9C42CA2A40400CEAB31 /* MovieApiProvider.swift */; };
		6CC4D9C82CA2B08500CEAB31 /* Movie.swift in Sources */ = {isa = PBXBuildFile; fileRef = 6CC4D9C72CA2B08500CEAB31 /* Movie.swift */; };
		6CC4D9CB2CA2C36C00CEAB31 /* MovieViewCell.swift in Sources */ = {isa = PBXBuildFile; fileRef = 6CC4D9CA2CA2C36C00CEAB31 /* MovieViewCell.swift */; };
		6CC4D9CE2CA2C69C00CEAB31 /* UIImageViewExtension.swift in Sources */ = {isa = PBXBuildFile; fileRef = 6CC4D9CD2CA2C69C00CEAB31 /* UIImageViewExtension.swift */; };
		6CC4D9D02CA2CCDF00CEAB31 /* DetailViewController.swift in Sources */ = {isa = PBXBuildFile; fileRef = 6CC4D9CF2CA2CCDF00CEAB31 /* DetailViewController.swift */; };
/* End PBXBuildFile section */

/* Begin PBXFileReference section */
		6CC4D9AB2CA2A19000CEAB31 /* Examen_IOS.app */ = {isa = PBXFileReference; explicitFileType = wrapper.application; includeInIndex = 0; path = Examen_IOS.app; sourceTree = BUILT_PRODUCTS_DIR; };
		6CC4D9AE2CA2A19000CEAB31 /* AppDelegate.swift */ = {isa = PBXFileReference; lastKnownFileType = sourcecode.swift; path = AppDelegate.swift; sourceTree = "<group>"; };
		6CC4D9B02CA2A19000CEAB31 /* SceneDelegate.swift */ = {isa = PBXFileReference; lastKnownFileType = sourcecode.swift; path = SceneDelegate.swift; sourceTree = "<group>"; };
		6CC4D9B22CA2A19000CEAB31 /* ListViewController.swift */ = {isa = PBXFileReference; lastKnownFileType = sourcecode.swift; path = ListViewController.swift; sourceTree = "<group>"; };
		6CC4D9B52CA2A19000CEAB31 /* Base */ = {isa = PBXFileReference; lastKnownFileType = file.storyboard; name = Base; path = Base.lproj/Main.storyboard; sourceTree = "<group>"; };
		6CC4D9B72CA2A19100CEAB31 /* Assets.xcassets */ = {isa = PBXFileReference; lastKnownFileType = folder.assetcatalog; path = Assets.xcassets; sourceTree = "<group>"; };
		6CC4D9BA2CA2A19100CEAB31 /* Base */ = {isa = PBXFileReference; lastKnownFileType = file.storyboard; name = Base; path = Base.lproj/LaunchScreen.storyboard; sourceTree = "<group>"; };
		6CC4D9BC2CA2A19100CEAB31 /* Info.plist */ = {isa = PBXFileReference; lastKnownFileType = text.plist.xml; path = Info.plist; sourceTree = "<group>"; };
		6CC4D9C42CA2A40400CEAB31 /* MovieApiProvider.swift */ = {isa = PBXFileReference; lastKnownFileType = sourcecode.swift; path = MovieApiProvider.swift; sourceTree = "<group>"; };
		6CC4D9C72CA2B08500CEAB31 /* Movie.swift */ = {isa = PBXFileReference; lastKnownFileType = sourcecode.swift; path = Movie.swift; sourceTree = "<group>"; };
		6CC4D9CA2CA2C36C00CEAB31 /* MovieViewCell.swift */ = {isa = PBXFileReference; lastKnownFileType = sourcecode.swift; path = MovieViewCell.swift; sourceTree = "<group>"; };
		6CC4D9CD2CA2C69C00CEAB31 /* UIImageViewExtension.swift */ = {isa = PBXFileReference; lastKnownFileType = sourcecode.swift; path = UIImageViewExtension.swift; sourceTree = "<group>"; };
		6CC4D9CF2CA2CCDF00CEAB31 /* DetailViewController.swift */ = {isa = PBXFileReference; lastKnownFileType = sourcecode.swift; path = DetailViewController.swift; sourceTree = "<group>"; };
/* End PBXFileReference section */

/* Begin PBXFrameworksBuildPhase section */
		6CC4D9A82CA2A19000CEAB31 /* Frameworks */ = {
			isa = PBXFrameworksBuildPhase;
			buildActionMask = 2147483647;
			files = (
			);
			runOnlyForDeploymentPostprocessing = 0;
		};
/* End PBXFrameworksBuildPhase section */

/* Begin PBXGroup section */
		6CC4D9A22CA2A19000CEAB31 = {
			isa = PBXGroup;
			children = (
				6CC4D9AD2CA2A19000CEAB31 /* Examen_IOS */,
				6CC4D9AC2CA2A19000CEAB31 /* Products */,
			);
			sourceTree = "<group>";
		};
		6CC4D9AC2CA2A19000CEAB31 /* Products */ = {
			isa = PBXGroup;
			children = (
				6CC4D9AB2CA2A19000CEAB31 /* Examen_IOS.app */,
			);
			name = Products;
			sourceTree = "<group>";
		};
		6CC4D9AD2CA2A19000CEAB31 /* Examen_IOS */ = {
			isa = PBXGroup;
			children = (
				6CC4D9CC2CA2C67C00CEAB31 /* Utils */,
				6CC4D9C92CA2C34100CEAB31 /* Controller */,
				6CC4D9C62CA2B02100CEAB31 /* Data */,
				6CC4D9C22CA2A3B000CEAB31 /* Providers */,
				6CC4D9AE2CA2A19000CEAB31 /* AppDelegate.swift */,
				6CC4D9B02CA2A19000CEAB31 /* SceneDelegate.swift */,
				6CC4D9B42CA2A19000CEAB31 /* Main.storyboard */,
				6CC4D9B72CA2A19100CEAB31 /* Assets.xcassets */,
				6CC4D9B92CA2A19100CEAB31 /* LaunchScreen.storyboard */,
				6CC4D9BC2CA2A19100CEAB31 /* Info.plist */,
			);
			path = Examen_IOS;
			sourceTree = "<group>";
		};
		6CC4D9C22CA2A3B000CEAB31 /* Providers */ = {
			isa = PBXGroup;
			children = (
				6CC4D9C42CA2A40400CEAB31 /* MovieApiProvider.swift */,
			);
			path = Providers;
			sourceTree = "<group>";
		};
		6CC4D9C62CA2B02100CEAB31 /* Data */ = {
			isa = PBXGroup;
			children = (
				6CC4D9C72CA2B08500CEAB31 /* Movie.swift */,
			);
			path = Data;
			sourceTree = "<group>";
		};
		6CC4D9C92CA2C34100CEAB31 /* Controller */ = {
			isa = PBXGroup;
			children = (
				6CC4D9B22CA2A19000CEAB31 /* ListViewController.swift */,
				6CC4D9CA2CA2C36C00CEAB31 /* MovieViewCell.swift */,
				6CC4D9CF2CA2CCDF00CEAB31 /* DetailViewController.swift */,
			);
			path = Controller;
			sourceTree = "<group>";
		};
		6CC4D9CC2CA2C67C00CEAB31 /* Utils */ = {
			isa = PBXGroup;
			children = (
				6CC4D9CD2CA2C69C00CEAB31 /* UIImageViewExtension.swift */,
			);
			path = Utils;
			sourceTree = "<group>";
		};
/* End PBXGroup section */

/* Begin PBXNativeTarget section */
		6CC4D9AA2CA2A19000CEAB31 /* Examen_IOS */ = {
			isa = PBXNativeTarget;
			buildConfigurationList = 6CC4D9BF2CA2A19100CEAB31 /* Build configuration list for PBXNativeTarget "Examen_IOS" */;
			buildPhases = (
				6CC4D9A72CA2A19000CEAB31 /* Sources */,
				6CC4D9A82CA2A19000CEAB31 /* Frameworks */,
				6CC4D9A92CA2A19000CEAB31 /* Resources */,
			);
			buildRules = (
			);
			dependencies = (
			);
			name = Examen_IOS;
			productName = Examen_IOS;
			productReference = 6CC4D9AB2CA2A19000CEAB31 /* Examen_IOS.app */;
			productType = "com.apple.product-type.application";
		};
/* End PBXNativeTarget section */

/* Begin PBXProject section */
		6CC4D9A32CA2A19000CEAB31 /* Project object */ = {
			isa = PBXProject;
			attributes = {
				BuildIndependentTargetsInParallel = 1;
				LastSwiftUpdateCheck = 1530;
				LastUpgradeCheck = 1530;
				TargetAttributes = {
					6CC4D9AA2CA2A19000CEAB31 = {
						CreatedOnToolsVersion = 15.3;
					};
				};
			};
			buildConfigurationList = 6CC4D9A62CA2A19000CEAB31 /* Build configuration list for PBXProject "Examen_IOS" */;
			compatibilityVersion = "Xcode 14.0";
			developmentRegion = en;
			hasScannedForEncodings = 0;
			knownRegions = (
				en,
				Base,
			);
			mainGroup = 6CC4D9A22CA2A19000CEAB31;
			productRefGroup = 6CC4D9AC2CA2A19000CEAB31 /* Products */;
			projectDirPath = "";
			projectRoot = "";
			targets = (
				6CC4D9AA2CA2A19000CEAB31 /* Examen_IOS */,
			);
		};
/* End PBXProject section */

/* Begin PBXResourcesBuildPhase section */
		6CC4D9A92CA2A19000CEAB31 /* Resources */ = {
			isa = PBXResourcesBuildPhase;
			buildActionMask = 2147483647;
			files = (
				6CC4D9B82CA2A19100CEAB31 /* Assets.xcassets in Resources */,
				6CC4D9BB2CA2A19100CEAB31 /* Base in Resources */,
				6CC4D9B62CA2A19000CEAB31 /* Base in Resources */,
			);
			runOnlyForDeploymentPostprocessing = 0;
		};
/* End PBXResourcesBuildPhase section */

/* Begin PBXSourcesBuildPhase section */
		6CC4D9A72CA2A19000CEAB31 /* Sources */ = {
			isa = PBXSourcesBuildPhase;
			buildActionMask = 2147483647;
			files = (
				6CC4D9B32CA2A19000CEAB31 /* ListViewController.swift in Sources */,
				6CC4D9CE2CA2C69C00CEAB31 /* UIImageViewExtension.swift in Sources */,
				6CC4D9AF2CA2A19000CEAB31 /* AppDelegate.swift in Sources */,
				6CC4D9C52CA2A40400CEAB31 /* MovieApiProvider.swift in Sources */,
				6CC4D9B12CA2A19000CEAB31 /* SceneDelegate.swift in Sources */,
				6CC4D9C82CA2B08500CEAB31 /* Movie.swift in Sources */,
				6CC4D9CB2CA2C36C00CEAB31 /* MovieViewCell.swift in Sources */,
				6CC4D9D02CA2CCDF00CEAB31 /* DetailViewController.swift in Sources */,
			);
			runOnlyForDeploymentPostprocessing = 0;
		};
/* End PBXSourcesBuildPhase section */

/* Begin PBXVariantGroup section */
		6CC4D9B42CA2A19000CEAB31 /* Main.storyboard */ = {
			isa = PBXVariantGroup;
			children = (
				6CC4D9B52CA2A19000CEAB31 /* Base */,
			);
			name = Main.storyboard;
			sourceTree = "<group>";
		};
		6CC4D9B92CA2A19100CEAB31 /* LaunchScreen.storyboard */ = {
			isa = PBXVariantGroup;
			children = (
				6CC4D9BA2CA2A19100CEAB31 /* Base */,
			);
			name = LaunchScreen.storyboard;
			sourceTree = "<group>";
		};
/* End PBXVariantGroup section */

/* Begin XCBuildConfiguration section */
		6CC4D9BD2CA2A19100CEAB31 /* Debug */ = {
			isa = XCBuildConfiguration;
			buildSettings = {
				ALWAYS_SEARCH_USER_PATHS = NO;
				ASSETCATALOG_COMPILER_GENERATE_SWIFT_ASSET_SYMBOL_EXTENSIONS = YES;
				CLANG_ANALYZER_NONNULL = YES;
				CLANG_ANALYZER_NUMBER_OBJECT_CONVERSION = YES_AGGRESSIVE;
				CLANG_CXX_LANGUAGE_STANDARD = "gnu++20";
				CLANG_ENABLE_MODULES = YES;
				CLANG_ENABLE_OBJC_ARC = YES;
				CLANG_ENABLE_OBJC_WEAK = YES;
				CLANG_WARN_BLOCK_CAPTURE_AUTORELEASING = YES;
				CLANG_WARN_BOOL_CONVERSION = YES;
				CLANG_WARN_COMMA = YES;
				CLANG_WARN_CONSTANT_CONVERSION = YES;
				CLANG_WARN_DEPRECATED_OBJC_IMPLEMENTATIONS = YES;
				CLANG_WARN_DIRECT_OBJC_ISA_USAGE = YES_ERROR;
				CLANG_WARN_DOCUMENTATION_COMMENTS = YES;
				CLANG_WARN_EMPTY_BODY = YES;
				CLANG_WARN_ENUM_CONVERSION = YES;
				CLANG_WARN_INFINITE_RECURSION = YES;
				CLANG_WARN_INT_CONVERSION = YES;
				CLANG_WARN_NON_LITERAL_NULL_CONVERSION = YES;
				CLANG_WARN_OBJC_IMPLICIT_RETAIN_SELF = YES;
				CLANG_WARN_OBJC_LITERAL_CONVERSION = YES;
				CLANG_WARN_OBJC_ROOT_CLASS = YES_ERROR;
				CLANG_WARN_QUOTED_INCLUDE_IN_FRAMEWORK_HEADER = YES;
				CLANG_WARN_RANGE_LOOP_ANALYSIS = YES;
				CLANG_WARN_STRICT_PROTOTYPES = YES;
				CLANG_WARN_SUSPICIOUS_MOVE = YES;
				CLANG_WARN_UNGUARDED_AVAILABILITY = YES_AGGRESSIVE;
				CLANG_WARN_UNREACHABLE_CODE = YES;
				CLANG_WARN__DUPLICATE_METHOD_MATCH = YES;
				COPY_PHASE_STRIP = NO;
				DEBUG_INFORMATION_FORMAT = dwarf;
				ENABLE_STRICT_OBJC_MSGSEND = YES;
				ENABLE_TESTABILITY = YES;
				ENABLE_USER_SCRIPT_SANDBOXING = YES;
				GCC_C_LANGUAGE_STANDARD = gnu17;
				GCC_DYNAMIC_NO_PIC = NO;
				GCC_NO_COMMON_BLOCKS = YES;
				GCC_OPTIMIZATION_LEVEL = 0;
				GCC_PREPROCESSOR_DEFINITIONS = (
					"DEBUG=1",
					"$(inherited)",
				);
				GCC_WARN_64_TO_32_BIT_CONVERSION = YES;
				GCC_WARN_ABOUT_RETURN_TYPE = YES_ERROR;
				GCC_WARN_UNDECLARED_SELECTOR = YES;
				GCC_WARN_UNINITIALIZED_AUTOS = YES_AGGRESSIVE;
				GCC_WARN_UNUSED_FUNCTION = YES;
				GCC_WARN_UNUSED_VARIABLE = YES;
				IPHONEOS_DEPLOYMENT_TARGET = 17.4;
				LOCALIZATION_PREFERS_STRING_CATALOGS = YES;
				MTL_ENABLE_DEBUG_INFO = INCLUDE_SOURCE;
				MTL_FAST_MATH = YES;
				ONLY_ACTIVE_ARCH = YES;
				SDKROOT = iphoneos;
				SWIFT_ACTIVE_COMPILATION_CONDITIONS = "DEBUG $(inherited)";
				SWIFT_OPTIMIZATION_LEVEL = "-Onone";
			};
			name = Debug;
		};
		6CC4D9BE2CA2A19100CEAB31 /* Release */ = {
			isa = XCBuildConfiguration;
			buildSettings = {
				ALWAYS_SEARCH_USER_PATHS = NO;
				ASSETCATALOG_COMPILER_GENERATE_SWIFT_ASSET_SYMBOL_EXTENSIONS = YES;
				CLANG_ANALYZER_NONNULL = YES;
				CLANG_ANALYZER_NUMBER_OBJECT_CONVERSION = YES_AGGRESSIVE;
				CLANG_CXX_LANGUAGE_STANDARD = "gnu++20";
				CLANG_ENABLE_MODULES = YES;
				CLANG_ENABLE_OBJC_ARC = YES;
				CLANG_ENABLE_OBJC_WEAK = YES;
				CLANG_WARN_BLOCK_CAPTURE_AUTORELEASING = YES;
				CLANG_WARN_BOOL_CONVERSION = YES;
				CLANG_WARN_COMMA = YES;
				CLANG_WARN_CONSTANT_CONVERSION = YES;
				CLANG_WARN_DEPRECATED_OBJC_IMPLEMENTATIONS = YES;
				CLANG_WARN_DIRECT_OBJC_ISA_USAGE = YES_ERROR;
				CLANG_WARN_DOCUMENTATION_COMMENTS = YES;
				CLANG_WARN_EMPTY_BODY = YES;
				CLANG_WARN_ENUM_CONVERSION = YES;
				CLANG_WARN_INFINITE_RECURSION = YES;
				CLANG_WARN_INT_CONVERSION = YES;
				CLANG_WARN_NON_LITERAL_NULL_CONVERSION = YES;
				CLANG_WARN_OBJC_IMPLICIT_RETAIN_SELF = YES;
				CLANG_WARN_OBJC_LITERAL_CONVERSION = YES;
				CLANG_WARN_OBJC_ROOT_CLASS = YES_ERROR;
				CLANG_WARN_QUOTED_INCLUDE_IN_FRAMEWORK_HEADER = YES;
				CLANG_WARN_RANGE_LOOP_ANALYSIS = YES;
				CLANG_WARN_STRICT_PROTOTYPES = YES;
				CLANG_WARN_SUSPICIOUS_MOVE = YES;
				CLANG_WARN_UNGUARDED_AVAILABILITY = YES_AGGRESSIVE;
				CLANG_WARN_UNREACHABLE_CODE = YES;
				CLANG_WARN__DUPLICATE_METHOD_MATCH = YES;
				COPY_PHASE_STRIP = NO;
				DEBUG_INFORMATION_FORMAT = "dwarf-with-dsym";
				ENABLE_NS_ASSERTIONS = NO;
				ENABLE_STRICT_OBJC_MSGSEND = YES;
				ENABLE_USER_SCRIPT_SANDBOXING = YES;
				GCC_C_LANGUAGE_STANDARD = gnu17;
				GCC_NO_COMMON_BLOCKS = YES;
				GCC_WARN_64_TO_32_BIT_CONVERSION = YES;
				GCC_WARN_ABOUT_RETURN_TYPE = YES_ERROR;
				GCC_WARN_UNDECLARED_SELECTOR = YES;
				GCC_WARN_UNINITIALIZED_AUTOS = YES_AGGRESSIVE;
				GCC_WARN_UNUSED_FUNCTION = YES;
				GCC_WARN_UNUSED_VARIABLE = YES;
				IPHONEOS_DEPLOYMENT_TARGET = 17.4;
				LOCALIZATION_PREFERS_STRING_CATALOGS = YES;
				MTL_ENABLE_DEBUG_INFO = NO;
				MTL_FAST_MATH = YES;
				SDKROOT = iphoneos;
				SWIFT_COMPILATION_MODE = wholemodule;
				VALIDATE_PRODUCT = YES;
			};
			name = Release;
		};
		6CC4D9C02CA2A19100CEAB31 /* Debug */ = {
			isa = XCBuildConfiguration;
			buildSettings = {
				ASSETCATALOG_COMPILER_APPICON_NAME = AppIcon;
				ASSETCATALOG_COMPILER_GLOBAL_ACCENT_COLOR_NAME = AccentColor;
				CODE_SIGN_STYLE = Automatic;
				CURRENT_PROJECT_VERSION = 1;
				GENERATE_INFOPLIST_FILE = YES;
				INFOPLIST_FILE = Examen_IOS/Info.plist;
				INFOPLIST_KEY_UIApplicationSupportsIndirectInputEvents = YES;
				INFOPLIST_KEY_UILaunchStoryboardName = LaunchScreen;
				INFOPLIST_KEY_UIMainStoryboardFile = Main;
				INFOPLIST_KEY_UISupportedInterfaceOrientations_iPad = "UIInterfaceOrientationPortrait UIInterfaceOrientationPortraitUpsideDown UIInterfaceOrientationLandscapeLeft UIInterfaceOrientationLandscapeRight";
				INFOPLIST_KEY_UISupportedInterfaceOrientations_iPhone = "UIInterfaceOrientationPortrait UIInterfaceOrientationLandscapeLeft UIInterfaceOrientationLandscapeRight";
				LD_RUNPATH_SEARCH_PATHS = (
					"$(inherited)",
					"@executable_path/Frameworks",
				);
				MARKETING_VERSION = 1.0;
				PRODUCT_BUNDLE_IDENTIFIER = "com.odearmas.Examen-IOS";
				PRODUCT_NAME = "$(TARGET_NAME)";
				SWIFT_EMIT_LOC_STRINGS = YES;
				SWIFT_VERSION = 5.0;
				TARGETED_DEVICE_FAMILY = "1,2";
			};
			name = Debug;
		};
		6CC4D9C12CA2A19100CEAB31 /* Release */ = {
			isa = XCBuildConfiguration;
			buildSettings = {
				ASSETCATALOG_COMPILER_APPICON_NAME = AppIcon;
				ASSETCATALOG_COMPILER_GLOBAL_ACCENT_COLOR_NAME = AccentColor;
				CODE_SIGN_STYLE = Automatic;
				CURRENT_PROJECT_VERSION = 1;
				GENERATE_INFOPLIST_FILE = YES;
				INFOPLIST_FILE = Examen_IOS/Info.plist;
				INFOPLIST_KEY_UIApplicationSupportsIndirectInputEvents = YES;
				INFOPLIST_KEY_UILaunchStoryboardName = LaunchScreen;
				INFOPLIST_KEY_UIMainStoryboardFile = Main;
				INFOPLIST_KEY_UISupportedInterfaceOrientations_iPad = "UIInterfaceOrientationPortrait UIInterfaceOrientationPortraitUpsideDown UIInterfaceOrientationLandscapeLeft UIInterfaceOrientationLandscapeRight";
				INFOPLIST_KEY_UISupportedInterfaceOrientations_iPhone = "UIInterfaceOrientationPortrait UIInterfaceOrientationLandscapeLeft UIInterfaceOrientationLandscapeRight";
				LD_RUNPATH_SEARCH_PATHS = (
					"$(inherited)",
					"@executable_path/Frameworks",
				);
				MARKETING_VERSION = 1.0;
				PRODUCT_BUNDLE_IDENTIFIER = "com.odearmas.Examen-IOS";
				PRODUCT_NAME = "$(TARGET_NAME)";
				SWIFT_EMIT_LOC_STRINGS = YES;
				SWIFT_VERSION = 5.0;
				TARGETED_DEVICE_FAMILY = "1,2";
			};
			name = Release;
		};
/* End XCBuildConfiguration section */

/* Begin XCConfigurationList section */
		6CC4D9A62CA2A19000CEAB31 /* Build configuration list for PBXProject "Examen_IOS" */ = {
			isa = XCConfigurationList;
			buildConfigurations = (
				6CC4D9BD2CA2A19100CEAB31 /* Debug */,
				6CC4D9BE2CA2A19100CEAB31 /* Release */,
			);
			defaultConfigurationIsVisible = 0;
			defaultConfigurationName = Release;
		};
		6CC4D9BF2CA2A19100CEAB31 /* Build configuration list for PBXNativeTarget "Examen_IOS" */ = {
			isa = XCConfigurationList;
			buildConfigurations = (
				6CC4D9C02CA2A19100CEAB31 /* Debug */,
				6CC4D9C12CA2A19100CEAB31 /* Release */,
			);
			defaultConfigurationIsVisible = 0;
			defaultConfigurationName = Release;
		};
/* End XCConfigurationList section */
	};
	rootObject = 6CC4D9A32CA2A19000CEAB31 /* Project object */;
}
